
Microsoft Visual Studio Solution File, Format Version 12.00
# Visual Studio Version 16
VisualStudioVersion = 16.0.28902.138
MinimumVisualStudioVersion = 10.0.40219.1
Project("{9A19103F-16F7-4668-BE54-9A1E7A4F7556}") = "DragonCon.App", "Dragoncon.App\DragonCon.App.csproj", "{8474FA5F-C9D3-4065-ABE6-9096F2AC634B}"
EndProject
Project("{9A19103F-16F7-4668-BE54-9A1E7A4F7556}") = "DragonCon.Logical.Tests", "DragonCon.Tests\DragonCon.Logical.Tests.csproj", "{4A2EF32A-AA56-4459-9B2F-8BE1ACB4C1E6}"
EndProject
Project("{2150E333-8FDC-42A3-9474-1A3956D46DE8}") = "tests", "tests", "{AEA8F518-0248-40F9-8DF9-5CB96D13A4A6}"
EndProject
Project("{9A19103F-16F7-4668-BE54-9A1E7A4F7556}") = "DragonCon.Modeling", "DragonCon.Modeling\DragonCon.Modeling.csproj", "{2151C7AC-A6B7-479B-B96A-CB13791D5779}"
EndProject
Project("{9A19103F-16F7-4668-BE54-9A1E7A4F7556}") = "DragonCon.Logical", "DragonCon.Logical\DragonCon.Logical.csproj", "{01104336-B4A8-4E32-93DF-FF94D9F05F27}"
EndProject
Project("{9A19103F-16F7-4668-BE54-9A1E7A4F7556}") = "DragonCon.Specs", "DragonCon.Specs\DragonCon.Specs.csproj", "{95F76461-2223-4738-BB29-E84945687AD6}"
EndProject
Project("{9A19103F-16F7-4668-BE54-9A1E7A4F7556}") = "DragonCon.RavenDB", "DragonCon.Gateway.RavenDB\DragonCon.RavenDB.csproj", "{C65D8688-8E96-4F6D-892C-BBE367B4AD34}"
EndProject
Project("{2150E333-8FDC-42A3-9474-1A3956D46DE8}") = "Solution Items", "Solution Items", "{2768892F-859C-449A-996E-D7B9DB3B5B5D}"
	ProjectSection(SolutionItems) = preProject
		.gitignore = .gitignore
		.gitmodules = .gitmodules
		Changelog.md = Changelog.md
		README.md = README.md
	EndProjectSection
EndProject
Project("{9A19103F-16F7-4668-BE54-9A1E7A4F7556}") = "DragonCon.Features", "DargonCon.Features\DragonCon.Features.csproj", "{BDCA5621-97EF-4E8A-B166-F87A0F02F29D}"
EndProject
Global
	GlobalSection(SolutionConfigurationPlatforms) = preSolution
		Debug|Any CPU = Debug|Any CPU
		Release|Any CPU = Release|Any CPU
	EndGlobalSection
	GlobalSection(ProjectConfigurationPlatforms) = postSolution
		{8474FA5F-C9D3-4065-ABE6-9096F2AC634B}.Debug|Any CPU.ActiveCfg = Debug|Any CPU
		{8474FA5F-C9D3-4065-ABE6-9096F2AC634B}.Debug|Any CPU.Build.0 = Debug|Any CPU
		{8474FA5F-C9D3-4065-ABE6-9096F2AC634B}.Release|Any CPU.ActiveCfg = Release|Any CPU
		{8474FA5F-C9D3-4065-ABE6-9096F2AC634B}.Release|Any CPU.Build.0 = Release|Any CPU
		{4A2EF32A-AA56-4459-9B2F-8BE1ACB4C1E6}.Debug|Any CPU.ActiveCfg = Debug|Any CPU
		{4A2EF32A-AA56-4459-9B2F-8BE1ACB4C1E6}.Debug|Any CPU.Build.0 = Debug|Any CPU
		{4A2EF32A-AA56-4459-9B2F-8BE1ACB4C1E6}.Release|Any CPU.ActiveCfg = Release|Any CPU
		{4A2EF32A-AA56-4459-9B2F-8BE1ACB4C1E6}.Release|Any CPU.Build.0 = Release|Any CPU
		{2151C7AC-A6B7-479B-B96A-CB13791D5779}.Debug|Any CPU.ActiveCfg = Debug|Any CPU
		{2151C7AC-A6B7-479B-B96A-CB13791D5779}.Debug|Any CPU.Build.0 = Debug|Any CPU
		{2151C7AC-A6B7-479B-B96A-CB13791D5779}.Release|Any CPU.ActiveCfg = Release|Any CPU
		{2151C7AC-A6B7-479B-B96A-CB13791D5779}.Release|Any CPU.Build.0 = Release|Any CPU
		{01104336-B4A8-4E32-93DF-FF94D9F05F27}.Debug|Any CPU.ActiveCfg = Debug|Any CPU
		{01104336-B4A8-4E32-93DF-FF94D9F05F27}.Debug|Any CPU.Build.0 = Debug|Any CPU
		{01104336-B4A8-4E32-93DF-FF94D9F05F27}.Release|Any CPU.ActiveCfg = Release|Any CPU
		{01104336-B4A8-4E32-93DF-FF94D9F05F27}.Release|Any CPU.Build.0 = Release|Any CPU
		{95F76461-2223-4738-BB29-E84945687AD6}.Debug|Any CPU.ActiveCfg = Debug|Any CPU
		{95F76461-2223-4738-BB29-E84945687AD6}.Debug|Any CPU.Build.0 = Debug|Any CPU
		{95F76461-2223-4738-BB29-E84945687AD6}.Release|Any CPU.ActiveCfg = Release|Any CPU
		{95F76461-2223-4738-BB29-E84945687AD6}.Release|Any CPU.Build.0 = Release|Any CPU
		{C65D8688-8E96-4F6D-892C-BBE367B4AD34}.Debug|Any CPU.ActiveCfg = Debug|Any CPU
		{C65D8688-8E96-4F6D-892C-BBE367B4AD34}.Debug|Any CPU.Build.0 = Debug|Any CPU
		{C65D8688-8E96-4F6D-892C-BBE367B4AD34}.Release|Any CPU.ActiveCfg = Release|Any CPU
		{C65D8688-8E96-4F6D-892C-BBE367B4AD34}.Release|Any CPU.Build.0 = Release|Any CPU
		{BDCA5621-97EF-4E8A-B166-F87A0F02F29D}.Debug|Any CPU.ActiveCfg = Debug|Any CPU
		{BDCA5621-97EF-4E8A-B166-F87A0F02F29D}.Debug|Any CPU.Build.0 = Debug|Any CPU
		{BDCA5621-97EF-4E8A-B166-F87A0F02F29D}.Release|Any CPU.ActiveCfg = Release|Any CPU
		{BDCA5621-97EF-4E8A-B166-F87A0F02F29D}.Release|Any CPU.Build.0 = Release|Any CPU
	EndGlobalSection
	GlobalSection(SolutionProperties) = preSolution
		HideSolutionNode = FALSE
	EndGlobalSection
	GlobalSection(NestedProjects) = preSolution
		{4A2EF32A-AA56-4459-9B2F-8BE1ACB4C1E6} = {AEA8F518-0248-40F9-8DF9-5CB96D13A4A6}
		{95F76461-2223-4738-BB29-E84945687AD6} = {AEA8F518-0248-40F9-8DF9-5CB96D13A4A6}
	EndGlobalSection
	GlobalSection(ExtensibilityGlobals) = postSolution
		SolutionGuid = {B1934379-A22B-4239-B57B-A4EB560DFA9C}
	EndGlobalSection
EndGlobal
