{
  "name": "asp.net",
  "version": "1.0.0",
  "lockfileVersion": 1,
  "requires": true,
  "dependencies": {
    "@fortawesome/fontawesome-free": {
      "version": "5.6.1",
      "resolved": "https://registry.npmjs.org/@fortawesome/fontawesome-free/-/fontawesome-free-5.6.1.tgz",
      "integrity": "sha512-0afQfB+HBeJHlXPzcF2Jjh78SbwPSkDjba/O7pZFzAW3WGKNzd4s4AqrZo7oIlMWGnfoyDo8+QeosK0+DTDrTg==",
      "dev": true
    },
    "@splidejs/splide": {
      "version": "1.3.2",
      "resolved": "https://registry.npmjs.org/@splidejs/splide/-/splide-1.3.2.tgz",
      "integrity": "sha512-mo9+QBnZdMfuDkHDIbAG18ncCr2jy/1YSdJCCdJ3ZMLAuCY5kEptYeQDC7hPLOvCEcHZFmtk6yC1W4B3eNPt+A==",
      "dev": true
    },
    "bootstrap": {
      "version": "4.4.1",
      "resolved": "https://registry.npmjs.org/bootstrap/-/bootstrap-4.4.1.tgz",
      "integrity": "sha512-tbx5cHubwE6e2ZG7nqM3g/FZ5PQEDMWmMGNrCUBVRPHXTJaH7CBDdsLeu3eCh3B1tzAxTnAbtmrzvWEvT2NNEA==",
      "dev": true
    },
    "bootstrap-select": {
      "version": "1.13.12",
      "resolved": "https://registry.npmjs.org/bootstrap-select/-/bootstrap-select-1.13.12.tgz",
      "integrity": "sha512-epsPt6WpgmL9Q9Y22JFntajdhhqvCwV/JKiBZF3YFvMHK9YzzDPQft/Cjqvsgq0bhF32BlvG03Qs3qA/pVRAqQ==",
      "dev": true
    },
    "bootstrap-toggle": {
      "version": "2.2.2",
      "resolved": "https://registry.npmjs.org/bootstrap-toggle/-/bootstrap-toggle-2.2.2.tgz",
      "integrity": "sha1-K4hTT8G5mGdPh3+Yug2LW3Q+lv4=",
      "dev": true
    },
    "chosen-js": {
      "version": "1.8.7",
      "resolved": "https://registry.npmjs.org/chosen-js/-/chosen-js-1.8.7.tgz",
      "integrity": "sha512-eVdrZJ2U5ISdObkgsi0od5vIJdLwq1P1Xa/Vj/mgxkMZf14DlgobfB6nrlFi3kW4kkvKLsKk4NDqZj1MU1DCpw==",
      "dev": true
    },
    "fs": {
      "version": "0.0.2",
      "resolved": "https://registry.npmjs.org/fs/-/fs-0.0.2.tgz",
      "integrity": "sha1-4fJE7zkzwbKmS9R5kTYGDQ9ZFPg=",
      "dev": true
    },
    "hammerjs": {
      "version": "2.0.8",
      "resolved": "https://registry.npmjs.org/hammerjs/-/hammerjs-2.0.8.tgz",
      "integrity": "sha1-BO93hiz/K7edMPdpIJWTAiK/YPE=",
      "dev": true
    },
    "jquery": {
      "version": "3.4.1",
      "resolved": "https://registry.npmjs.org/jquery/-/jquery-3.4.1.tgz",
      "integrity": "sha512-36+AdBzCL+y6qjw5Tx7HgzeGCzC81MDDgaUP8ld2zhx58HdqXGoBd+tHdrBMiyjGQs0Hxs/MLZTu/eHNJJuWPw==",
      "dev": true
    },
    "jquery-form": {
      "version": "4.2.2",
      "resolved": "https://registry.npmjs.org/jquery-form/-/jquery-form-4.2.2.tgz",
      "integrity": "sha512-HJTef7DRBSg8ge/RNUw8rUTTtB3l8ozO0OhD16AzDl+eIXp4skgCqRTd9fYPsOzL+pN6+1B9wvbTLGjgikz8Tg==",
      "dev": true,
      "requires": {
        "jquery": ">=1.7.2"
      }
    },
    "jquery-validation": {
      "version": "1.19.3",
      "resolved": "https://registry.npmjs.org/jquery-validation/-/jquery-validation-1.19.3.tgz",
      "integrity": "sha512-iXxCS5W7STthSTMFX/NDZfWHBLbJ1behVK3eAgHXAV8/0vRa9M4tiqHvJMr39VGWHMGdlkhrtrkBuaL2UlE8yw==",
      "dev": true
    },
    "jquery-validation-unobtrusive": {
      "version": "3.2.11",
      "resolved": "https://registry.npmjs.org/jquery-validation-unobtrusive/-/jquery-validation-unobtrusive-3.2.11.tgz",
      "integrity": "sha512-3FQPllaWdD+Aq55zJLGSW39+eXPDz1HhwAvrSwYi8zHQ8DVcu5IJ1HVeTiCl0BnCnrIBvfFU3zEB/DrGdcoRIQ==",
      "dev": true,
      "requires": {
        "jquery": ">=1.8",
        "jquery-validation": ">=1.16"
      }
    },
    "jschr-bootstrap-modal": {
      "version": "2.2.5",
      "resolved": "https://registry.npmjs.org/jschr-bootstrap-modal/-/jschr-bootstrap-modal-2.2.5.tgz",
      "integrity": "sha1-2PUAqTFtFpoZlse5eoUXAoP4M8s=",
      "dev": true
    },
    "magicsuggest": {
      "version": "2.1.4",
      "resolved": "https://registry.npmjs.org/magicsuggest/-/magicsuggest-2.1.4.tgz",
      "integrity": "sha1-nPEiOwbPOYKH/iuvYsBzpea2f1g=",
      "dev": true,
      "requires": {
        "bootstrap": "~3",
        "jquery": ">= 1.8.3"
      },
      "dependencies": {
        "bootstrap": {
          "version": "3.3.7",
          "resolved": "https://registry.npmjs.org/bootstrap/-/bootstrap-3.3.7.tgz",
          "integrity": "sha1-WjiTlFSfIzMIdaOxUGVldPip63E=",
          "dev": true
        }
      }
    },
    "moment": {
      "version": "2.24.0",
      "resolved": "https://registry.npmjs.org/moment/-/moment-2.24.0.tgz",
      "integrity": "sha512-bV7f+6l2QigeBBZSM/6yTNq4P2fNpSWj/0e7jQcy87A8e7o2nAfP/34/2ky5Vw4B9S446EtIhodAzkFCcR4dQg==",
      "dev": true
    },
    "pickadate": {
      "version": "3.6.4",
      "resolved": "https://registry.npmjs.org/pickadate/-/pickadate-3.6.4.tgz",
      "integrity": "sha512-2QN4aAXJJu1BN6L6ZzFd/rOWu9fzAPwNE9PpNX19YccuOu0c+0rMzO3sl72mNrfTmzR2jcLtvLUtw3PoWvhBrQ==",
      "dev": true,
      "requires": {
        "jquery": ">=1.7"
      }
    },
    "popper.js": {
      "version": "1.16.0",
      "resolved": "https://registry.npmjs.org/popper.js/-/popper.js-1.16.0.tgz",
      "integrity": "sha512-+G+EkOPoE5S/zChTpmBSSDYmhXJ5PsW8eMhH8cP/CQHMFPBG/kC9Y5IIw6qNYgdJ+/COf0ddY2li28iHaZRSjw==",
      "dev": true
    },
    "pretty-json-string": {
      "version": "1.0.3",
      "resolved": "https://registry.npmjs.org/pretty-json-string/-/pretty-json-string-1.0.3.tgz",
      "integrity": "sha1-VYc2sF4STmd9nvOQSzRz38KF3WM=",
      "dev": true,
      "requires": {
        "jquery": "1.11.1"
      },
      "dependencies": {
        "jquery": {
          "version": "1.11.1",
          "resolved": "https://registry.npmjs.org/jquery/-/jquery-1.11.1.tgz",
          "integrity": "sha1-tuyShZARLr7Wnh5Jy/0AJczWDds=",
          "dev": true
        }
      }
    },
    "sweetalert2": {
      "version": "7.33.1",
      "resolved": "https://registry.npmjs.org/sweetalert2/-/sweetalert2-7.33.1.tgz",
      "integrity": "sha512-69KYtyhtxejFG0HDb8aVhAwbpAWPSTZwaL5vxDHgojErD2KeFxTmRgmkbiLtMC8UdTFXRmvTPtZTF4459MUb7w==",
      "dev": true
    }
  }
}
