# THIS IS AN AUTOGENERATED FILE. DO NOT EDIT THIS FILE DIRECTLY.
# yarn lockfile v1


"@fortawesome/fontawesome-free@^5.6.1":
  version "5.10.1"
  resolved "https://registry.yarnpkg.com/@fortawesome/fontawesome-free/-/fontawesome-free-5.10.1.tgz#dec28ee02c3fc51da46d53ce4da9d5787312fbd7"
  integrity sha512-PYncBhgN1l02mwHmczukexmu4yRTjRDAAdcK62jdWSAW8epcnZ9K2win/7rMrffiv/c7XLVDA8vD+yi6WyvbGQ==

bootstrap-select@1.13.10:
  version "1.13.10"
  resolved "https://registry.yarnpkg.com/bootstrap-select/-/bootstrap-select-1.13.10.tgz#b0cf57f8d448bc0488faba04ecaa2f4c5216e144"
  integrity sha512-mwfyd+VWHY8wDN4je4Y8PPEaOAzDPUz95z5F5zxzlIqebqxtbrujclFWLrhkVOyETpsgZCL1rsfyEnHpAugtGg==

bootstrap-toggle@2.2.2:
  version "2.2.2"
  resolved "https://registry.yarnpkg.com/bootstrap-toggle/-/bootstrap-toggle-2.2.2.tgz#2b88534fc1b998674f877f98ba0d8b5b743e96fe"
  integrity sha1-K4hTT8G5mGdPh3+Yug2LW3Q+lv4=

bootstrap@4.3.1:
  version "4.3.1"
  resolved "https://registry.yarnpkg.com/bootstrap/-/bootstrap-4.3.1.tgz#280ca8f610504d99d7b6b4bfc4b68cec601704ac"
  integrity sha512-rXqOmH1VilAt2DyPzluTi2blhk17bO7ef+zLLPlWvG494pDxcM234pJ8wTc/6R40UWizAIIMgxjvxZg5kmsbag==

bootstrap@~3:
  version "3.4.1"
  resolved "https://registry.yarnpkg.com/bootstrap/-/bootstrap-3.4.1.tgz#c3a347d419e289ad11f4033e3c4132b87c081d72"
  integrity sha512-yN5oZVmRCwe5aKwzRj6736nSmKDX7pLYwsXiCj/EYmo16hODaBiT4En5btW/jhBF/seV+XMx3aYwukYC3A49DA==

chosen-js@1.8.7:
  version "1.8.7"
  resolved "https://registry.yarnpkg.com/chosen-js/-/chosen-js-1.8.7.tgz#9bfa5597f5081d602ff4ae904af9aef33265bb1d"
  integrity sha512-eVdrZJ2U5ISdObkgsi0od5vIJdLwq1P1Xa/Vj/mgxkMZf14DlgobfB6nrlFi3kW4kkvKLsKk4NDqZj1MU1DCpw==

hammerjs@2.0.8:
  version "2.0.8"
  resolved "https://registry.yarnpkg.com/hammerjs/-/hammerjs-2.0.8.tgz#04ef77862cff2bb79d30f7692095930222bf60f1"
  integrity sha1-BO93hiz/K7edMPdpIJWTAiK/YPE=

jquery-validation-unobtrusive@3.2.11:
  version "3.2.11"
  resolved "https://registry.yarnpkg.com/jquery-validation-unobtrusive/-/jquery-validation-unobtrusive-3.2.11.tgz#175ee46380385a0e33ed320f255fad321f68f9f5"
  integrity sha512-3FQPllaWdD+Aq55zJLGSW39+eXPDz1HhwAvrSwYi8zHQ8DVcu5IJ1HVeTiCl0BnCnrIBvfFU3zEB/DrGdcoRIQ==
  dependencies:
    jquery ">=1.8"
    jquery-validation ">=1.16"

jquery-validation@1.19.1:
  version "1.19.1"
  resolved "https://registry.yarnpkg.com/jquery-validation/-/jquery-validation-1.19.1.tgz#a85043467dc2b70d9fff05778646d150e747742f"
  integrity sha512-QNnrZBqSltWUEJx+shOY5WtfrIb0gWmDjFfQP8rZKqMMSfpRSwEkSqhfHPvDfkObD8Hnv5KHSYI8yg73sVFdqA==

jquery-validation@>=1.16:
  version "1.19.0"
  resolved "https://registry.yarnpkg.com/jquery-validation/-/jquery-validation-1.19.0.tgz#0fedf0c0483a030c4fff072398898ac18cfd6e40"
  integrity sha512-i1ygcs9K9eI0jqQ8fiOZdT0Ofw941YII1zyPQDUkBS8t2G8SoSWz8UUEVT6gV1KvsaBbovtL8YxjLALACR0syQ==
  dependencies:
    jquery "^1.7 || ^2.0 || ^3.1"

jquery@1.11.1:
  version "1.11.1"
  resolved "https://registry.yarnpkg.com/jquery/-/jquery-1.11.1.tgz#b6ec928590112ebed69e1e49cbfd0025ccd60ddb"
  integrity sha1-tuyShZARLr7Wnh5Jy/0AJczWDds=

jquery@3.4.1, "jquery@>= 1.8.3", jquery@>=1.7, jquery@>=1.8, "jquery@^1.7 || ^2.0 || ^3.1":
  version "3.4.1"
  resolved "https://registry.yarnpkg.com/jquery/-/jquery-3.4.1.tgz#714f1f8d9dde4bdfa55764ba37ef214630d80ef2"
  integrity sha512-36+AdBzCL+y6qjw5Tx7HgzeGCzC81MDDgaUP8ld2zhx58HdqXGoBd+tHdrBMiyjGQs0Hxs/MLZTu/eHNJJuWPw==

jschr-bootstrap-modal@2.2.5:
  version "2.2.5"
  resolved "https://registry.yarnpkg.com/jschr-bootstrap-modal/-/jschr-bootstrap-modal-2.2.5.tgz#d8f500a9316d169a1996c7b97a85170283f833cb"
  integrity sha1-2PUAqTFtFpoZlse5eoUXAoP4M8s=

magicsuggest@2.1.4:
  version "2.1.4"
  resolved "https://registry.yarnpkg.com/magicsuggest/-/magicsuggest-2.1.4.tgz#9cf1223b06cf398287fe2baf62c073a5e6b67f58"
  integrity sha1-nPEiOwbPOYKH/iuvYsBzpea2f1g=
  dependencies:
    bootstrap "~3"
    jquery ">= 1.8.3"

pickadate@3.6.4:
  version "3.6.4"
  resolved "https://registry.yarnpkg.com/pickadate/-/pickadate-3.6.4.tgz#3ec4df80643166888d4c8656bffefe7bd53cdbae"
  integrity sha512-2QN4aAXJJu1BN6L6ZzFd/rOWu9fzAPwNE9PpNX19YccuOu0c+0rMzO3sl72mNrfTmzR2jcLtvLUtw3PoWvhBrQ==
  dependencies:
    jquery ">=1.7"

popper.js@1.15.0:
  version "1.15.0"
  resolved "https://registry.yarnpkg.com/popper.js/-/popper.js-1.15.0.tgz#5560b99bbad7647e9faa475c6b8056621f5a4ff2"
  integrity sha512-w010cY1oCUmI+9KwwlWki+r5jxKfTFDVoadl7MSrIujHU5MJ5OR6HTDj6Xo8aoR/QsA56x8jKjA59qGH4ELtrA==

pretty-json-string@1.0.3:
  version "1.0.3"
  resolved "https://registry.yarnpkg.com/pretty-json-string/-/pretty-json-string-1.0.3.tgz#558736b05e124e677d9ef3904b3473dfc285dd63"
  integrity sha1-VYc2sF4STmd9nvOQSzRz38KF3WM=
  dependencies:
    jquery "1.11.1"

sweetalert2@7.33.1:
  version "7.33.1"
  resolved "https://registry.yarnpkg.com/sweetalert2/-/sweetalert2-7.33.1.tgz#7e3534d2c2962f875f419cfea5d75ee526d65cd4"
  integrity sha512-69KYtyhtxejFG0HDb8aVhAwbpAWPSTZwaL5vxDHgojErD2KeFxTmRgmkbiLtMC8UdTFXRmvTPtZTF4459MUb7w==
